// !$*UTF8*$!
{
	archiveVersion = 1;
	classes = {
	};
	objectVersion = 77;
	objects = {

/* Begin PBXBuildFile section */
		046BA172D6DAAE8F89B4522C /* ACX.swift in Sources */ = {isa = PBXBuildFile; fileRef = F4251C9CFABE24532762CACB /* ACX.swift */; };
		0A91EE6E4D3EC896E56232EF /* TodayModel.swift in Sources */ = {isa = PBXBuildFile; fileRef = E6C6CA79BCA1BE3797512659 /* TodayModel.swift */; };
		0B3F8D1AD03CD15A4F68F5EF /* SignupView.swift in Sources */ = {isa = PBXBuildFile; fileRef = 8BCA6BE02B711F3B1788F63B /* SignupView.swift */; };
		0DB802E132A41CB6846EF26C /* DocumentUploadController.swift in Sources */ = {isa = PBXBuildFile; fileRef = CC6CE3C34CA1C20CD1898A39 /* DocumentUploadController.swift */; };
		0E037A8588CD663D6CCF5758 /* SpaceMono-Regular.ttf in Resources */ = {isa = PBXBuildFile; fileRef = F21116A62E5F1ED4D24072B2 /* SpaceMono-Regular.ttf */; };
		106B0ECB91F8A3387010E9E0 /* OFL-SpaceGrotesk.txt in Resources */ = {isa = PBXBuildFile; fileRef = D34B3684BB9A73D21877CBEE /* OFL-SpaceGrotesk.txt */; };
		1789B6417CEBE3BC0564BE7D /* ACXOverlay.swift in Sources */ = {isa = PBXBuildFile; fileRef = A01027ED86C19ED6199C15AD /* ACXOverlay.swift */; };
		1810253D8B3146F0BABA6EE1 /* ACXControls.swift in Sources */ = {isa = PBXBuildFile; fileRef = F2EF62063A417D58B4862185 /* ACXControls.swift */; };
		1C98B94D1D048BE533024485 /* AppleSignIn.swift in Sources */ = {isa = PBXBuildFile; fileRef = 343B27E56F252B6D3DFFAE8D /* AppleSignIn.swift */; };
		2BB9A0527DFEC51DBAD7F939 /* Assets.xcassets in Resources */ = {isa = PBXBuildFile; fileRef = 62E16E7EAA4DD09D2681E029 /* Assets.xcassets */; };
		2EBA1537E7174F3FCA3C0CF5 /* QuizEngine.swift in Sources */ = {isa = PBXBuildFile; fileRef = EFBD299DDB80AF6C8412F64F /* QuizEngine.swift */; };
		2F7A64635A75334D0A106256 /* SpaceGrotesk-Variable.ttf in Resources */ = {isa = PBXBuildFile; fileRef = AFCB7817635927AC40C9F688 /* SpaceGrotesk-Variable.ttf */; };
		337A9A601435375D89B52033 /* QuizSessionView.swift in Sources */ = {isa = PBXBuildFile; fileRef = B3B25C4177B2E31336755F7C /* QuizSessionView.swift */; };
		3D73B3841A2BDA6110C0D713 /* Inter-Variable.ttf in Resources */ = {isa = PBXBuildFile; fileRef = D28FB7823409F953E92F98B4 /* Inter-Variable.ttf */; };
		3E642BF44C9AAFE00AA4E929 /* AppGroupStore.swift in Sources */ = {isa = PBXBuildFile; fileRef = AA4B0DAAFF900F7BD3C56CA7 /* AppGroupStore.swift */; };
		481FFC00C69AB22C717E2BCE /* ReviewSessionRequest.swift in Sources */ = {isa = PBXBuildFile; fileRef = CC010AD628C6DD8234645379 /* ReviewSessionRequest.swift */; };
		49187559B7661A6D04E5D9EC /* OnboardingSteps.swift in Sources */ = {isa = PBXBuildFile; fileRef = 0975AE6B5B61CB540B30CD7B /* OnboardingSteps.swift */; };
		4BF82FE13EEE509847A92093 /* APIClient.swift in Sources */ = {isa = PBXBuildFile; fileRef = A023C9A0FDDF99EA04D4F276 /* APIClient.swift */; };
		56A04E62359A283AFCB217CC /* AuthFlowView.swift in Sources */ = {isa = PBXBuildFile; fileRef = 13BD95B1EA64BE82D52D0868 /* AuthFlowView.swift */; };
		5BDF17F4CB709F8A996C5956 /* APIError.swift in Sources */ = {isa = PBXBuildFile; fileRef = D8D32E69FA9039293F919074 /* APIError.swift */; };
		5F8773F02F036402EDCA5039 /* DashboardView.swift in Sources */ = {isa = PBXBuildFile; fileRef = 63FE16361212534ED3D1FB0F /* DashboardView.swift */; };
		629E9586DC551DC580868BE8 /* TodayBlocks.swift in Sources */ = {isa = PBXBuildFile; fileRef = 35EA971AC2A76AD077013536 /* TodayBlocks.swift */; };
		631E07338E73858C85FA8584 /* MainTabView.swift in Sources */ = {isa = PBXBuildFile; fileRef = 7D27F21A455DCDB9772CA137 /* MainTabView.swift */; };
		657DA6483C067F9716510616 /* CreditsStore.swift in Sources */ = {isa = PBXBuildFile; fileRef = 8AF611EFB5E0C33ACB936210 /* CreditsStore.swift */; };
		6BF6884014DF415C563D4B6F /* StudyReminderScheduler.swift in Sources */ = {isa = PBXBuildFile; fileRef = AE2C67FA1A75828ACF46DBC6 /* StudyReminderScheduler.swift */; };
		7CB1CDA745A9449278F1ABA9 /* SpeechRecognizer.swift in Sources */ = {isa = PBXBuildFile; fileRef = DCAF6B90F1E2C1EB0B7F83D2 /* SpeechRecognizer.swift */; };
		8033B6A47FADE7CF8D375512 /* AppConfig.swift in Sources */ = {isa = PBXBuildFile; fileRef = 3316EC4AB5AFD27CF4D51B85 /* AppConfig.swift */; };
		82594DDFC89A21F53524E7FC /* LoginView.swift in Sources */ = {isa = PBXBuildFile; fileRef = A116A298B8DA8AEB52052C49 /* LoginView.swift */; };
		83DEE4950219D2DFBE5FF0E8 /* OFL-SpaceMono.txt in Resources */ = {isa = PBXBuildFile; fileRef = 86EE97DCA64F552AB1904CF0 /* OFL-SpaceMono.txt */; };
		868AB6988D270DDCF975C7F8 /* ACXConcept.swift in Sources */ = {isa = PBXBuildFile; fileRef = 23CCE8CCA334EE61CBB38401 /* ACXConcept.swift */; };
		8D0A18C042B01F72A192FF52 /* StreakStore.swift in Sources */ = {isa = PBXBuildFile; fileRef = 8D567CDC6BD25B888026A97B /* StreakStore.swift */; };
		9ABA789B0F05C92E567F6ED4 /* DocumentDetailView.swift in Sources */ = {isa = PBXBuildFile; fileRef = 76E8BC7A31E817C753CC1C64 /* DocumentDetailView.swift */; };
		9BE82A189D4BEBF73EFEE108 /* OnboardingFlowView.swift in Sources */ = {isa = PBXBuildFile; fileRef = EA06D2D63D90A6F516EA571F /* OnboardingFlowView.swift */; };
		9DF6CFCA65B76CC6A9A3953C /* OFL-Inter.txt in Resources */ = {isa = PBXBuildFile; fileRef = 3D03E63E84A7E7F7FFC3DB59 /* OFL-Inter.txt */; };
		A28B37F9C6A1976281812456 /* DocumentDetailModel.swift in Sources */ = {isa = PBXBuildFile; fileRef = 7C29002BD3C4BE6BD0268772 /* DocumentDetailModel.swift */; };
		A7B962307419A3AD5CD880B4 /* AnswerInput.swift in Sources */ = {isa = PBXBuildFile; fileRef = 5574C6EBD92D50710C45F3C2 /* AnswerInput.swift */; };
		A87824E7936984AC6D20C5A9 /* OnboardingModel.swift in Sources */ = {isa = PBXBuildFile; fileRef = 5EADAC7B91F0179AD6E85F86 /* OnboardingModel.swift */; };
		AB9193E83E8AA611732CF6A8 /* SpaceMono-Bold.ttf in Resources */ = {isa = PBXBuildFile; fileRef = 056A9A343087E8729185A23C /* SpaceMono-Bold.ttf */; };
		ADB2E747CEED2EE8C0ADE7FE /* ResultsView.swift in Sources */ = {isa = PBXBuildFile; fileRef = CC00C16AAD37177FCB03697F /* ResultsView.swift */; };
		B2DE64D9F1310FE29B91046D /* AuthValidation.swift in Sources */ = {isa = PBXBuildFile; fileRef = B3B12A3E023B8C002C371A30 /* AuthValidation.swift */; };
		C06BF0B4CE0B9F218490CC2E /* Supabase in Frameworks */ = {isa = PBXBuildFile; productRef = E786F48ABAB5E0900161F915 /* Supabase */; };
		C1D3F3690CF791F957F78CE3 /* UploadSheet.swift in Sources */ = {isa = PBXBuildFile; fileRef = C5396246A4514C773DC74746 /* UploadSheet.swift */; };
		CB780F82D630203BF11BBDFA /* ForgotPasswordView.swift in Sources */ = {isa = PBXBuildFile; fileRef = BA7A8D8E4F98FA5BDDFDF9DA /* ForgotPasswordView.swift */; };
		CE57A8690A4756E69765A87E /* AppRoot.swift in Sources */ = {isa = PBXBuildFile; fileRef = AFF6879D641866A675BDD132 /* AppRoot.swift */; };
		D1C4794DF33D4951E3DCEC77 /* LibraryModel.swift in Sources */ = {isa = PBXBuildFile; fileRef = A040310F067BAFA3B2FE510D /* LibraryModel.swift */; };
		D78546836A77052962A91712 /* OnboardingComponents.swift in Sources */ = {isa = PBXBuildFile; fileRef = E5E31B09C612678734BF84EF /* OnboardingComponents.swift */; };
		D82C3164E04337E840DB107F /* AutoCoachApp.swift in Sources */ = {isa = PBXBuildFile; fileRef = D5C3F9D33FC762A6BD2F7442 /* AutoCoachApp.swift */; };
		DE7DA802D876BDE39F80278F /* Models.swift in Sources */ = {isa = PBXBuildFile; fileRef = A0D23F5AD4A9F71A97F07845 /* Models.swift */; };
		E369741958B93F7978DDD21C /* TodayView.swift in Sources */ = {isa = PBXBuildFile; fileRef = 57ED5A87FCFD7066B3E1732F /* TodayView.swift */; };
		E7208E54CDA323C5E4661CC2 /* ACXProgress.swift in Sources */ = {isa = PBXBuildFile; fileRef = 63F105F4E334D3E09AC487E5 /* ACXProgress.swift */; };
		F0E04F9293E872693E1C0AF5 /* NetworkReachability.swift in Sources */ = {isa = PBXBuildFile; fileRef = 3D12BCB917AEAB51845F0193 /* NetworkReachability.swift */; };
		F1BBDAFD5B602A013C22428E /* WelcomeView.swift in Sources */ = {isa = PBXBuildFile; fileRef = C8266837857C0645EFE02272 /* WelcomeView.swift */; };
		F450DDE019E9F4BF6E4DF004 /* AuthStore.swift in Sources */ = {isa = PBXBuildFile; fileRef = F4C04D7751CF4CE2F9EC9275 /* AuthStore.swift */; };
		F4C647718A83F417F9A79BEB /* StorageProgressUploader.swift in Sources */ = {isa = PBXBuildFile; fileRef = 4EBBE50CC7B6C3A7CA8DA38E /* StorageProgressUploader.swift */; };
		F7B21E84CF4ADB485D7CC32A /* ActivationChecklistView.swift in Sources */ = {isa = PBXBuildFile; fileRef = 948279662F99CBC1AE17E8BE /* ActivationChecklistView.swift */; };
/* End PBXBuildFile section */

/* Begin PBXFileReference section */
		056A9A343087E8729185A23C /* SpaceMono-Bold.ttf */ = {isa = PBXFileReference; lastKnownFileType = file; path = "SpaceMono-Bold.ttf"; sourceTree = "<group>"; };
		0975AE6B5B61CB540B30CD7B /* OnboardingSteps.swift */ = {isa = PBXFileReference; lastKnownFileType = sourcecode.swift; path = OnboardingSteps.swift; sourceTree = "<group>"; };
		13BD95B1EA64BE82D52D0868 /* AuthFlowView.swift */ = {isa = PBXFileReference; lastKnownFileType = sourcecode.swift; path = AuthFlowView.swift; sourceTree = "<group>"; };
		23CCE8CCA334EE61CBB38401 /* ACXConcept.swift */ = {isa = PBXFileReference; lastKnownFileType = sourcecode.swift; path = ACXConcept.swift; sourceTree = "<group>"; };
		32431E6E9C637A05C788938D /* AutoCoach.app */ = {isa = PBXFileReference; includeInIndex = 0; lastKnownFileType = wrapper.application; path = AutoCoach.app; sourceTree = BUILT_PRODUCTS_DIR; };
		3316EC4AB5AFD27CF4D51B85 /* AppConfig.swift */ = {isa = PBXFileReference; lastKnownFileType = sourcecode.swift; path = AppConfig.swift; sourceTree = "<group>"; };
		343B27E56F252B6D3DFFAE8D /* AppleSignIn.swift */ = {isa = PBXFileReference; lastKnownFileType = sourcecode.swift; path = AppleSignIn.swift; sourceTree = "<group>"; };
		35EA971AC2A76AD077013536 /* TodayBlocks.swift */ = {isa = PBXFileReference; lastKnownFileType = sourcecode.swift; path = TodayBlocks.swift; sourceTree = "<group>"; };
		3D03E63E84A7E7F7FFC3DB59 /* OFL-Inter.txt */ = {isa = PBXFileReference; lastKnownFileType = text; path = "OFL-Inter.txt"; sourceTree = "<group>"; };
		3D12BCB917AEAB51845F0193 /* NetworkReachability.swift */ = {isa = PBXFileReference; lastKnownFileType = sourcecode.swift; path = NetworkReachability.swift; sourceTree = "<group>"; };
		4EBBE50CC7B6C3A7CA8DA38E /* StorageProgressUploader.swift */ = {isa = PBXFileReference; lastKnownFileType = sourcecode.swift; path = StorageProgressUploader.swift; sourceTree = "<group>"; };
		5574C6EBD92D50710C45F3C2 /* AnswerInput.swift */ = {isa = PBXFileReference; lastKnownFileType = sourcecode.swift; path = AnswerInput.swift; sourceTree = "<group>"; };
		57ED5A87FCFD7066B3E1732F /* TodayView.swift */ = {isa = PBXFileReference; lastKnownFileType = sourcecode.swift; path = TodayView.swift; sourceTree = "<group>"; };
		5EADAC7B91F0179AD6E85F86 /* OnboardingModel.swift */ = {isa = PBXFileReference; lastKnownFileType = sourcecode.swift; path = OnboardingModel.swift; sourceTree = "<group>"; };
		62E16E7EAA4DD09D2681E029 /* Assets.xcassets */ = {isa = PBXFileReference; lastKnownFileType = folder.assetcatalog; path = Assets.xcassets; sourceTree = "<group>"; };
		63F105F4E334D3E09AC487E5 /* ACXProgress.swift */ = {isa = PBXFileReference; lastKnownFileType = sourcecode.swift; path = ACXProgress.swift; sourceTree = "<group>"; };
		63FE16361212534ED3D1FB0F /* DashboardView.swift */ = {isa = PBXFileReference; lastKnownFileType = sourcecode.swift; path = DashboardView.swift; sourceTree = "<group>"; };
		76E8BC7A31E817C753CC1C64 /* DocumentDetailView.swift */ = {isa = PBXFileReference; lastKnownFileType = sourcecode.swift; path = DocumentDetailView.swift; sourceTree = "<group>"; };
		7C29002BD3C4BE6BD0268772 /* DocumentDetailModel.swift */ = {isa = PBXFileReference; lastKnownFileType = sourcecode.swift; path = DocumentDetailModel.swift; sourceTree = "<group>"; };
		7D27F21A455DCDB9772CA137 /* MainTabView.swift */ = {isa = PBXFileReference; lastKnownFileType = sourcecode.swift; path = MainTabView.swift; sourceTree = "<group>"; };
		85EA1F0D090A877A34A7323D /* Info.plist */ = {isa = PBXFileReference; lastKnownFileType = text.plist; path = Info.plist; sourceTree = "<group>"; };
		86EE97DCA64F552AB1904CF0 /* OFL-SpaceMono.txt */ = {isa = PBXFileReference; lastKnownFileType = text; path = "OFL-SpaceMono.txt"; sourceTree = "<group>"; };
		8AF611EFB5E0C33ACB936210 /* CreditsStore.swift */ = {isa = PBXFileReference; lastKnownFileType = sourcecode.swift; path = CreditsStore.swift; sourceTree = "<group>"; };
		8BCA6BE02B711F3B1788F63B /* SignupView.swift */ = {isa = PBXFileReference; lastKnownFileType = sourcecode.swift; path = SignupView.swift; sourceTree = "<group>"; };
		8D567CDC6BD25B888026A97B /* StreakStore.swift */ = {isa = PBXFileReference; lastKnownFileType = sourcecode.swift; path = StreakStore.swift; sourceTree = "<group>"; };
		948279662F99CBC1AE17E8BE /* ActivationChecklistView.swift */ = {isa = PBXFileReference; lastKnownFileType = sourcecode.swift; path = ActivationChecklistView.swift; sourceTree = "<group>"; };
		A01027ED86C19ED6199C15AD /* ACXOverlay.swift */ = {isa = PBXFileReference; lastKnownFileType = sourcecode.swift; path = ACXOverlay.swift; sourceTree = "<group>"; };
		A023C9A0FDDF99EA04D4F276 /* APIClient.swift */ = {isa = PBXFileReference; lastKnownFileType = sourcecode.swift; path = APIClient.swift; sourceTree = "<group>"; };
		A040310F067BAFA3B2FE510D /* LibraryModel.swift */ = {isa = PBXFileReference; lastKnownFileType = sourcecode.swift; path = LibraryModel.swift; sourceTree = "<group>"; };
		A0D23F5AD4A9F71A97F07845 /* Models.swift */ = {isa = PBXFileReference; lastKnownFileType = sourcecode.swift; path = Models.swift; sourceTree = "<group>"; };
		A116A298B8DA8AEB52052C49 /* LoginView.swift */ = {isa = PBXFileReference; lastKnownFileType = sourcecode.swift; path = LoginView.swift; sourceTree = "<group>"; };
		AA4B0DAAFF900F7BD3C56CA7 /* AppGroupStore.swift */ = {isa = PBXFileReference; lastKnownFileType = sourcecode.swift; path = AppGroupStore.swift; sourceTree = "<group>"; };
		AE2C67FA1A75828ACF46DBC6 /* StudyReminderScheduler.swift */ = {isa = PBXFileReference; lastKnownFileType = sourcecode.swift; path = StudyReminderScheduler.swift; sourceTree = "<group>"; };
		AFCB7817635927AC40C9F688 /* SpaceGrotesk-Variable.ttf */ = {isa = PBXFileReference; lastKnownFileType = file; path = "SpaceGrotesk-Variable.ttf"; sourceTree = "<group>"; };
		AFF6879D641866A675BDD132 /* AppRoot.swift */ = {isa = PBXFileReference; lastKnownFileType = sourcecode.swift; path = AppRoot.swift; sourceTree = "<group>"; };
		B3B12A3E023B8C002C371A30 /* AuthValidation.swift */ = {isa = PBXFileReference; lastKnownFileType = sourcecode.swift; path = AuthValidation.swift; sourceTree = "<group>"; };
		B3B25C4177B2E31336755F7C /* QuizSessionView.swift */ = {isa = PBXFileReference; lastKnownFileType = sourcecode.swift; path = QuizSessionView.swift; sourceTree = "<group>"; };
		BA7A8D8E4F98FA5BDDFDF9DA /* ForgotPasswordView.swift */ = {isa = PBXFileReference; lastKnownFileType = sourcecode.swift; path = ForgotPasswordView.swift; sourceTree = "<group>"; };
		C5396246A4514C773DC74746 /* UploadSheet.swift */ = {isa = PBXFileReference; lastKnownFileType = sourcecode.swift; path = UploadSheet.swift; sourceTree = "<group>"; };
		C8266837857C0645EFE02272 /* WelcomeView.swift */ = {isa = PBXFileReference; lastKnownFileType = sourcecode.swift; path = WelcomeView.swift; sourceTree = "<group>"; };
		CC00C16AAD37177FCB03697F /* ResultsView.swift */ = {isa = PBXFileReference; lastKnownFileType = sourcecode.swift; path = ResultsView.swift; sourceTree = "<group>"; };
		CC010AD628C6DD8234645379 /* ReviewSessionRequest.swift */ = {isa = PBXFileReference; lastKnownFileType = sourcecode.swift; path = ReviewSessionRequest.swift; sourceTree = "<group>"; };
		CC6CE3C34CA1C20CD1898A39 /* DocumentUploadController.swift */ = {isa = PBXFileReference; lastKnownFileType = sourcecode.swift; path = DocumentUploadController.swift; sourceTree = "<group>"; };
		D28FB7823409F953E92F98B4 /* Inter-Variable.ttf */ = {isa = PBXFileReference; lastKnownFileType = file; path = "Inter-Variable.ttf"; sourceTree = "<group>"; };
		D34B3684BB9A73D21877CBEE /* OFL-SpaceGrotesk.txt */ = {isa = PBXFileReference; lastKnownFileType = text; path = "OFL-SpaceGrotesk.txt"; sourceTree = "<group>"; };
		D5C3F9D33FC762A6BD2F7442 /* AutoCoachApp.swift */ = {isa = PBXFileReference; lastKnownFileType = sourcecode.swift; path = AutoCoachApp.swift; sourceTree = "<group>"; };
		D8D32E69FA9039293F919074 /* APIError.swift */ = {isa = PBXFileReference; lastKnownFileType = sourcecode.swift; path = APIError.swift; sourceTree = "<group>"; };
		DCAF6B90F1E2C1EB0B7F83D2 /* SpeechRecognizer.swift */ = {isa = PBXFileReference; lastKnownFileType = sourcecode.swift; path = SpeechRecognizer.swift; sourceTree = "<group>"; };
		E5E31B09C612678734BF84EF /* OnboardingComponents.swift */ = {isa = PBXFileReference; lastKnownFileType = sourcecode.swift; path = OnboardingComponents.swift; sourceTree = "<group>"; };
		E6C6CA79BCA1BE3797512659 /* TodayModel.swift */ = {isa = PBXFileReference; lastKnownFileType = sourcecode.swift; path = TodayModel.swift; sourceTree = "<group>"; };
		EA06D2D63D90A6F516EA571F /* OnboardingFlowView.swift */ = {isa = PBXFileReference; lastKnownFileType = sourcecode.swift; path = OnboardingFlowView.swift; sourceTree = "<group>"; };
		EFBD299DDB80AF6C8412F64F /* QuizEngine.swift */ = {isa = PBXFileReference; lastKnownFileType = sourcecode.swift; path = QuizEngine.swift; sourceTree = "<group>"; };
		F21116A62E5F1ED4D24072B2 /* SpaceMono-Regular.ttf */ = {isa = PBXFileReference; lastKnownFileType = file; path = "SpaceMono-Regular.ttf"; sourceTree = "<group>"; };
		F2EF62063A417D58B4862185 /* ACXControls.swift */ = {isa = PBXFileReference; lastKnownFileType = sourcecode.swift; path = ACXControls.swift; sourceTree = "<group>"; };
		F4251C9CFABE24532762CACB /* ACX.swift */ = {isa = PBXFileReference; lastKnownFileType = sourcecode.swift; path = ACX.swift; sourceTree = "<group>"; };
		F4C04D7751CF4CE2F9EC9275 /* AuthStore.swift */ = {isa = PBXFileReference; lastKnownFileType = sourcecode.swift; path = AuthStore.swift; sourceTree = "<group>"; };
		FD20C58B38D1DC3927C970AC /* AutoCoach.entitlements */ = {isa = PBXFileReference; lastKnownFileType = text.plist.entitlements; path = AutoCoach.entitlements; sourceTree = "<group>"; };
		"TEMP_7E5603A5-74AC-4FEA-A7A6-83129D9CE6C9" /* Config.xcconfig */ = {isa = PBXFileReference; lastKnownFileType = text.xcconfig; path = Config.xcconfig; sourceTree = "<group>"; };
/* End PBXFileReference section */

/* Begin PBXFrameworksBuildPhase section */
		045131744B5910A04DD5FC27 /* Frameworks */ = {
			isa = PBXFrameworksBuildPhase;
			buildActionMask = 2147483647;
			files = (
				C06BF0B4CE0B9F218490CC2E /* Supabase in Frameworks */,
			);
			runOnlyForDeploymentPostprocessing = 0;
		};
/* End PBXFrameworksBuildPhase section */

/* Begin PBXGroup section */
		17C28DA878245192B2EE696D /* Upload */ = {
			isa = PBXGroup;
			children = (
				CC6CE3C34CA1C20CD1898A39 /* DocumentUploadController.swift */,
				4EBBE50CC7B6C3A7CA8DA38E /* StorageProgressUploader.swift */,
				C5396246A4514C773DC74746 /* UploadSheet.swift */,
			);
			path = Upload;
			sourceTree = "<group>";
		};
		34725589FB95C702621FBF5F /* AutoCoach */ = {
			isa = PBXGroup;
			children = (
				62E16E7EAA4DD09D2681E029 /* Assets.xcassets */,
				FD20C58B38D1DC3927C970AC /* AutoCoach.entitlements */,
				D5C3F9D33FC762A6BD2F7442 /* AutoCoachApp.swift */,
				85EA1F0D090A877A34A7323D /* Info.plist */,
				BA54D55068C21ADACB6A61ED /* App */,
				F12B76E59199994C9D326773 /* Auth */,
				5B989E901211F93C5F83FA14 /* Design */,
				DB90AF5F15BA9847F27C2698 /* Library */,
				7135F3D8EEC4E653D837680E /* Networking */,
				99575AD6178911136218A28E /* Onboarding */,
				38A3FD082D687D2066956D0A /* Quiz */,
				4BC60C056297134FEB4348B6 /* Resources */,
				8A3CDA4EEF5334A11F856544 /* Today */,
				17C28DA878245192B2EE696D /* Upload */,
			);
			path = AutoCoach;
			sourceTree = "<group>";
		};
		38A3FD082D687D2066956D0A /* Quiz */ = {
			isa = PBXGroup;
			children = (
				5574C6EBD92D50710C45F3C2 /* AnswerInput.swift */,
				EFBD299DDB80AF6C8412F64F /* QuizEngine.swift */,
				B3B25C4177B2E31336755F7C /* QuizSessionView.swift */,
				CC00C16AAD37177FCB03697F /* ResultsView.swift */,
				DCAF6B90F1E2C1EB0B7F83D2 /* SpeechRecognizer.swift */,
			);
			path = Quiz;
			sourceTree = "<group>";
		};
		4BC60C056297134FEB4348B6 /* Resources */ = {
			isa = PBXGroup;
			children = (
				FE358BA7A0B4ABF0FC981AAD /* Fonts */,
			);
			path = Resources;
			sourceTree = "<group>";
		};
		5B989E901211F93C5F83FA14 /* Design */ = {
			isa = PBXGroup;
			children = (
				F4251C9CFABE24532762CACB /* ACX.swift */,
				23CCE8CCA334EE61CBB38401 /* ACXConcept.swift */,
				F2EF62063A417D58B4862185 /* ACXControls.swift */,
				A01027ED86C19ED6199C15AD /* ACXOverlay.swift */,
				63F105F4E334D3E09AC487E5 /* ACXProgress.swift */,
			);
			path = Design;
			sourceTree = "<group>";
		};
		7135F3D8EEC4E653D837680E /* Networking */ = {
			isa = PBXGroup;
			children = (
				A023C9A0FDDF99EA04D4F276 /* APIClient.swift */,
				D8D32E69FA9039293F919074 /* APIError.swift */,
				A0D23F5AD4A9F71A97F07845 /* Models.swift */,
			);
			path = Networking;
			sourceTree = "<group>";
		};
		8A3CDA4EEF5334A11F856544 /* Today */ = {
			isa = PBXGroup;
			children = (
				AA4B0DAAFF900F7BD3C56CA7 /* AppGroupStore.swift */,
				8AF611EFB5E0C33ACB936210 /* CreditsStore.swift */,
				3D12BCB917AEAB51845F0193 /* NetworkReachability.swift */,
				CC010AD628C6DD8234645379 /* ReviewSessionRequest.swift */,
				8D567CDC6BD25B888026A97B /* StreakStore.swift */,
				35EA971AC2A76AD077013536 /* TodayBlocks.swift */,
				E6C6CA79BCA1BE3797512659 /* TodayModel.swift */,
				57ED5A87FCFD7066B3E1732F /* TodayView.swift */,
			);
			path = Today;
			sourceTree = "<group>";
		};
		99575AD6178911136218A28E /* Onboarding */ = {
			isa = PBXGroup;
			children = (
				E5E31B09C612678734BF84EF /* OnboardingComponents.swift */,
				EA06D2D63D90A6F516EA571F /* OnboardingFlowView.swift */,
				5EADAC7B91F0179AD6E85F86 /* OnboardingModel.swift */,
				0975AE6B5B61CB540B30CD7B /* OnboardingSteps.swift */,
				AE2C67FA1A75828ACF46DBC6 /* StudyReminderScheduler.swift */,
			);
			path = Onboarding;
			sourceTree = "<group>";
		};
		BA54D55068C21ADACB6A61ED /* App */ = {
			isa = PBXGroup;
			children = (
				3316EC4AB5AFD27CF4D51B85 /* AppConfig.swift */,
				AFF6879D641866A675BDD132 /* AppRoot.swift */,
				7D27F21A455DCDB9772CA137 /* MainTabView.swift */,
			);
			path = App;
			sourceTree = "<group>";
		};
		BCC63480CFBFF28612C525AB /* Products */ = {
			isa = PBXGroup;
			children = (
				32431E6E9C637A05C788938D /* AutoCoach.app */,
			);
			name = Products;
			sourceTree = "<group>";
		};
		CB7B18979ABAA429874F66BE = {
			isa = PBXGroup;
			children = (
				34725589FB95C702621FBF5F /* AutoCoach */,
				BCC63480CFBFF28612C525AB /* Products */,
			);
			sourceTree = "<group>";
		};
		DB90AF5F15BA9847F27C2698 /* Library */ = {
			isa = PBXGroup;
			children = (
				948279662F99CBC1AE17E8BE /* ActivationChecklistView.swift */,
				63FE16361212534ED3D1FB0F /* DashboardView.swift */,
				7C29002BD3C4BE6BD0268772 /* DocumentDetailModel.swift */,
				76E8BC7A31E817C753CC1C64 /* DocumentDetailView.swift */,
				A040310F067BAFA3B2FE510D /* LibraryModel.swift */,
			);
			path = Library;
			sourceTree = "<group>";
		};
		F12B76E59199994C9D326773 /* Auth */ = {
			isa = PBXGroup;
			children = (
				343B27E56F252B6D3DFFAE8D /* AppleSignIn.swift */,
				13BD95B1EA64BE82D52D0868 /* AuthFlowView.swift */,
				F4C04D7751CF4CE2F9EC9275 /* AuthStore.swift */,
				B3B12A3E023B8C002C371A30 /* AuthValidation.swift */,
				BA7A8D8E4F98FA5BDDFDF9DA /* ForgotPasswordView.swift */,
				A116A298B8DA8AEB52052C49 /* LoginView.swift */,
				8BCA6BE02B711F3B1788F63B /* SignupView.swift */,
				C8266837857C0645EFE02272 /* WelcomeView.swift */,
			);
			path = Auth;
			sourceTree = "<group>";
		};
		FE358BA7A0B4ABF0FC981AAD /* Fonts */ = {
			isa = PBXGroup;
			children = (
				D28FB7823409F953E92F98B4 /* Inter-Variable.ttf */,
				3D03E63E84A7E7F7FFC3DB59 /* OFL-Inter.txt */,
				D34B3684BB9A73D21877CBEE /* OFL-SpaceGrotesk.txt */,
				86EE97DCA64F552AB1904CF0 /* OFL-SpaceMono.txt */,
				AFCB7817635927AC40C9F688 /* SpaceGrotesk-Variable.ttf */,
				056A9A343087E8729185A23C /* SpaceMono-Bold.ttf */,
				F21116A62E5F1ED4D24072B2 /* SpaceMono-Regular.ttf */,
			);
			path = Fonts;
			sourceTree = "<group>";
		};
		"TEMP_6D6987F8-E1FA-4020-A38B-92C4241A931C" /* ios */ = {
			isa = PBXGroup;
			children = (
				"TEMP_7E5603A5-74AC-4FEA-A7A6-83129D9CE6C9" /* Config.xcconfig */,
			);
			path = ios;
			sourceTree = "<group>";
		};
/* End PBXGroup section */

/* Begin PBXNativeTarget section */
		E47810EB61C9701A038BFFCE /* AutoCoach */ = {
			isa = PBXNativeTarget;
			buildConfigurationList = FB6CB97F85A32E9E8B4040A6 /* Build configuration list for PBXNativeTarget "AutoCoach" */;
			buildPhases = (
				4B4D483EBEB0D4917942F5AB /* Sources */,
				CDB9E7EA492587667675922C /* Resources */,
				045131744B5910A04DD5FC27 /* Frameworks */,
			);
			buildRules = (
			);
			dependencies = (
			);
			name = AutoCoach;
			packageProductDependencies = (
				E786F48ABAB5E0900161F915 /* Supabase */,
			);
			productName = AutoCoach;
			productReference = 32431E6E9C637A05C788938D /* AutoCoach.app */;
			productType = "com.apple.product-type.application";
		};
/* End PBXNativeTarget section */

/* Begin PBXProject section */
		54653BB6686894CAF467BF43 /* Project object */ = {
			isa = PBXProject;
			attributes = {
				BuildIndependentTargetsInParallel = YES;
				LastUpgradeCheck = 1430;
				TargetAttributes = {
					E47810EB61C9701A038BFFCE = {
						DevelopmentTeam = "";
						ProvisioningStyle = Automatic;
					};
				};
			};
			buildConfigurationList = 89BB5245DC8F78F0BD498CA4 /* Build configuration list for PBXProject "AutoCoach" */;
			developmentRegion = en;
			hasScannedForEncodings = 0;
			knownRegions = (
				Base,
				en,
			);
			mainGroup = CB7B18979ABAA429874F66BE;
			minimizedProjectReferenceProxies = 1;
			packageReferences = (
				2FA468938D0BFCD5301D889B /* XCRemoteSwiftPackageReference "supabase-swift" */,
			);
			preferredProjectObjectVersion = 77;
			productRefGroup = BCC63480CFBFF28612C525AB /* Products */;
			projectDirPath = "";
			projectRoot = "";
			targets = (
				E47810EB61C9701A038BFFCE /* AutoCoach */,
			);
		};
/* End PBXProject section */

/* Begin PBXResourcesBuildPhase section */
		CDB9E7EA492587667675922C /* Resources */ = {
			isa = PBXResourcesBuildPhase;
			buildActionMask = 2147483647;
			files = (
				2BB9A0527DFEC51DBAD7F939 /* Assets.xcassets in Resources */,
				3D73B3841A2BDA6110C0D713 /* Inter-Variable.ttf in Resources */,
				9DF6CFCA65B76CC6A9A3953C /* OFL-Inter.txt in Resources */,
				106B0ECB91F8A3387010E9E0 /* OFL-SpaceGrotesk.txt in Resources */,
				83DEE4950219D2DFBE5FF0E8 /* OFL-SpaceMono.txt in Resources */,
				2F7A64635A75334D0A106256 /* SpaceGrotesk-Variable.ttf in Resources */,
				AB9193E83E8AA611732CF6A8 /* SpaceMono-Bold.ttf in Resources */,
				0E037A8588CD663D6CCF5758 /* SpaceMono-Regular.ttf in Resources */,
			);
			runOnlyForDeploymentPostprocessing = 0;
		};
/* End PBXResourcesBuildPhase section */

/* Begin PBXSourcesBuildPhase section */
		4B4D483EBEB0D4917942F5AB /* Sources */ = {
			isa = PBXSourcesBuildPhase;
			buildActionMask = 2147483647;
			files = (
				046BA172D6DAAE8F89B4522C /* ACX.swift in Sources */,
				868AB6988D270DDCF975C7F8 /* ACXConcept.swift in Sources */,
				1810253D8B3146F0BABA6EE1 /* ACXControls.swift in Sources */,
				1789B6417CEBE3BC0564BE7D /* ACXOverlay.swift in Sources */,
				E7208E54CDA323C5E4661CC2 /* ACXProgress.swift in Sources */,
				4BF82FE13EEE509847A92093 /* APIClient.swift in Sources */,
				5BDF17F4CB709F8A996C5956 /* APIError.swift in Sources */,
				F7B21E84CF4ADB485D7CC32A /* ActivationChecklistView.swift in Sources */,
				A7B962307419A3AD5CD880B4 /* AnswerInput.swift in Sources */,
				8033B6A47FADE7CF8D375512 /* AppConfig.swift in Sources */,
				3E642BF44C9AAFE00AA4E929 /* AppGroupStore.swift in Sources */,
				CE57A8690A4756E69765A87E /* AppRoot.swift in Sources */,
				1C98B94D1D048BE533024485 /* AppleSignIn.swift in Sources */,
				56A04E62359A283AFCB217CC /* AuthFlowView.swift in Sources */,
				F450DDE019E9F4BF6E4DF004 /* AuthStore.swift in Sources */,
				B2DE64D9F1310FE29B91046D /* AuthValidation.swift in Sources */,
				D82C3164E04337E840DB107F /* AutoCoachApp.swift in Sources */,
				657DA6483C067F9716510616 /* CreditsStore.swift in Sources */,
				5F8773F02F036402EDCA5039 /* DashboardView.swift in Sources */,
				A28B37F9C6A1976281812456 /* DocumentDetailModel.swift in Sources */,
				9ABA789B0F05C92E567F6ED4 /* DocumentDetailView.swift in Sources */,
				0DB802E132A41CB6846EF26C /* DocumentUploadController.swift in Sources */,
				CB780F82D630203BF11BBDFA /* ForgotPasswordView.swift in Sources */,
				D1C4794DF33D4951E3DCEC77 /* LibraryModel.swift in Sources */,
				82594DDFC89A21F53524E7FC /* LoginView.swift in Sources */,
				631E07338E73858C85FA8584 /* MainTabView.swift in Sources */,
				DE7DA802D876BDE39F80278F /* Models.swift in Sources */,
				F0E04F9293E872693E1C0AF5 /* NetworkReachability.swift in Sources */,
				D78546836A77052962A91712 /* OnboardingComponents.swift in Sources */,
				9BE82A189D4BEBF73EFEE108 /* OnboardingFlowView.swift in Sources */,
				A87824E7936984AC6D20C5A9 /* OnboardingModel.swift in Sources */,
				49187559B7661A6D04E5D9EC /* OnboardingSteps.swift in Sources */,
				2EBA1537E7174F3FCA3C0CF5 /* QuizEngine.swift in Sources */,
				337A9A601435375D89B52033 /* QuizSessionView.swift in Sources */,
				ADB2E747CEED2EE8C0ADE7FE /* ResultsView.swift in Sources */,
				481FFC00C69AB22C717E2BCE /* ReviewSessionRequest.swift in Sources */,
				0B3F8D1AD03CD15A4F68F5EF /* SignupView.swift in Sources */,
				7CB1CDA745A9449278F1ABA9 /* SpeechRecognizer.swift in Sources */,
				F4C647718A83F417F9A79BEB /* StorageProgressUploader.swift in Sources */,
				8D0A18C042B01F72A192FF52 /* StreakStore.swift in Sources */,
				6BF6884014DF415C563D4B6F /* StudyReminderScheduler.swift in Sources */,
				629E9586DC551DC580868BE8 /* TodayBlocks.swift in Sources */,
				0A91EE6E4D3EC896E56232EF /* TodayModel.swift in Sources */,
				E369741958B93F7978DDD21C /* TodayView.swift in Sources */,
				C1D3F3690CF791F957F78CE3 /* UploadSheet.swift in Sources */,
				F1BBDAFD5B602A013C22428E /* WelcomeView.swift in Sources */,
			);
			runOnlyForDeploymentPostprocessing = 0;
		};
/* End PBXSourcesBuildPhase section */

/* Begin XCBuildConfiguration section */
		4E1D2010D662D65FE717F20E /* Debug */ = {
			isa = XCBuildConfiguration;
			baseConfigurationReference = "TEMP_7E5603A5-74AC-4FEA-A7A6-83129D9CE6C9" /* Config.xcconfig */;
			buildSettings = {
				ASSETCATALOG_COMPILER_APPICON_NAME = AppIcon;
				CODE_SIGN_ENTITLEMENTS = AutoCoach/AutoCoach.entitlements;
				CODE_SIGN_IDENTITY = "iPhone Developer";
				CURRENT_PROJECT_VERSION = 1;
				INFOPLIST_FILE = AutoCoach/Info.plist;
				LD_RUNPATH_SEARCH_PATHS = (
					"$(inherited)",
					"@executable_path/Frameworks",
				);
				MARKETING_VERSION = 0.2.0;
				PRODUCT_BUNDLE_IDENTIFIER = com.padzy.autocoach;
				SDKROOT = iphoneos;
				SWIFT_STRICT_CONCURRENCY = complete;
				TARGETED_DEVICE_FAMILY = 1;
			};
			name = Debug;
		};
		68FF69BC4823D2F449DDB45B /* Debug */ = {
			isa = XCBuildConfiguration;
			buildSettings = {
				ALWAYS_SEARCH_USER_PATHS = NO;
				CLANG_ANALYZER_NONNULL = YES;
				CLANG_ANALYZER_NUMBER_OBJECT_CONVERSION = YES_AGGRESSIVE;
				CLANG_CXX_LANGUAGE_STANDARD = "gnu++14";
				CLANG_CXX_LIBRARY = "libc++";
				CLANG_ENABLE_MODULES = YES;
				CLANG_ENABLE_OBJC_ARC = YES;
				CLANG_ENABLE_OBJC_WEAK = YES;
				CLANG_WARN_BLOCK_CAPTURE_AUTORELEASING = YES;
				CLANG_WARN_BOOL_CONVERSION = YES;
				CLANG_WARN_COMMA = YES;
				CLANG_WARN_CONSTANT_CONVERSION = YES;
				CLANG_WARN_DEPRECATED_OBJC_IMPLEMENTATIONS = YES;
				CLANG_WARN_DIRECT_OBJC_ISA_USAGE = YES_ERROR;
				CLANG_WARN_DOCUMENTATION_COMMENTS = YES;
				CLANG_WARN_EMPTY_BODY = YES;
				CLANG_WARN_ENUM_CONVERSION = YES;
				CLANG_WARN_INFINITE_RECURSION = YES;
				CLANG_WARN_INT_CONVERSION = YES;
				CLANG_WARN_NON_LITERAL_NULL_CONVERSION = YES;
				CLANG_WARN_OBJC_IMPLICIT_RETAIN_SELF = YES;
				CLANG_WARN_OBJC_LITERAL_CONVERSION = YES;
				CLANG_WARN_OBJC_ROOT_CLASS = YES_ERROR;
				CLANG_WARN_QUOTED_INCLUDE_IN_FRAMEWORK_HEADER = YES;
				CLANG_WARN_RANGE_LOOP_ANALYSIS = YES;
				CLANG_WARN_STRICT_PROTOTYPES = YES;
				CLANG_WARN_SUSPICIOUS_MOVE = YES;
				CLANG_WARN_UNGUARDED_AVAILABILITY = YES_AGGRESSIVE;
				CLANG_WARN_UNREACHABLE_CODE = YES;
				CLANG_WARN__DUPLICATE_METHOD_MATCH = YES;
				CODE_SIGN_STYLE = Automatic;
				COPY_PHASE_STRIP = NO;
				DEBUG_INFORMATION_FORMAT = dwarf;
				DEVELOPMENT_TEAM = "";
				ENABLE_STRICT_OBJC_MSGSEND = YES;
				ENABLE_TESTABILITY = YES;
				GCC_C_LANGUAGE_STANDARD = gnu11;
				GCC_DYNAMIC_NO_PIC = NO;
				GCC_NO_COMMON_BLOCKS = YES;
				GCC_OPTIMIZATION_LEVEL = 0;
				GCC_PREPROCESSOR_DEFINITIONS = (
					"$(inherited)",
					"DEBUG=1",
				);
				GCC_WARN_64_TO_32_BIT_CONVERSION = YES;
				GCC_WARN_ABOUT_RETURN_TYPE = YES_ERROR;
				GCC_WARN_UNDECLARED_SELECTOR = YES;
				GCC_WARN_UNINITIALIZED_AUTOS = YES_AGGRESSIVE;
				GCC_WARN_UNUSED_FUNCTION = YES;
				GCC_WARN_UNUSED_VARIABLE = YES;
				IPHONEOS_DEPLOYMENT_TARGET = 18.0;
				MTL_ENABLE_DEBUG_INFO = INCLUDE_SOURCE;
				MTL_FAST_MATH = YES;
				ONLY_ACTIVE_ARCH = YES;
				PRODUCT_NAME = "$(TARGET_NAME)";
				SDKROOT = iphoneos;
				SWIFT_ACTIVE_COMPILATION_CONDITIONS = DEBUG;
				SWIFT_OPTIMIZATION_LEVEL = "-Onone";
				SWIFT_VERSION = 6.0;
			};
			name = Debug;
		};
		B6A33C0AB9FD334A39B9171D /* Release */ = {
			isa = XCBuildConfiguration;
			buildSettings = {
				ALWAYS_SEARCH_USER_PATHS = NO;
				CLANG_ANALYZER_NONNULL = YES;
				CLANG_ANALYZER_NUMBER_OBJECT_CONVERSION = YES_AGGRESSIVE;
				CLANG_CXX_LANGUAGE_STANDARD = "gnu++14";
				CLANG_CXX_LIBRARY = "libc++";
				CLANG_ENABLE_MODULES = YES;
				CLANG_ENABLE_OBJC_ARC = YES;
				CLANG_ENABLE_OBJC_WEAK = YES;
				CLANG_WARN_BLOCK_CAPTURE_AUTORELEASING = YES;
				CLANG_WARN_BOOL_CONVERSION = YES;
				CLANG_WARN_COMMA = YES;
				CLANG_WARN_CONSTANT_CONVERSION = YES;
				CLANG_WARN_DEPRECATED_OBJC_IMPLEMENTATIONS = YES;
				CLANG_WARN_DIRECT_OBJC_ISA_USAGE = YES_ERROR;
				CLANG_WARN_DOCUMENTATION_COMMENTS = YES;
				CLANG_WARN_EMPTY_BODY = YES;
				CLANG_WARN_ENUM_CONVERSION = YES;
				CLANG_WARN_INFINITE_RECURSION = YES;
				CLANG_WARN_INT_CONVERSION = YES;
				CLANG_WARN_NON_LITERAL_NULL_CONVERSION = YES;
				CLANG_WARN_OBJC_IMPLICIT_RETAIN_SELF = YES;
				CLANG_WARN_OBJC_LITERAL_CONVERSION = YES;
				CLANG_WARN_OBJC_ROOT_CLASS = YES_ERROR;
				CLANG_WARN_QUOTED_INCLUDE_IN_FRAMEWORK_HEADER = YES;
				CLANG_WARN_RANGE_LOOP_ANALYSIS = YES;
				CLANG_WARN_STRICT_PROTOTYPES = YES;
				CLANG_WARN_SUSPICIOUS_MOVE = YES;
				CLANG_WARN_UNGUARDED_AVAILABILITY = YES_AGGRESSIVE;
				CLANG_WARN_UNREACHABLE_CODE = YES;
				CLANG_WARN__DUPLICATE_METHOD_MATCH = YES;
				CODE_SIGN_STYLE = Automatic;
				COPY_PHASE_STRIP = NO;
				DEBUG_INFORMATION_FORMAT = "dwarf-with-dsym";
				DEVELOPMENT_TEAM = "";
				ENABLE_NS_ASSERTIONS = NO;
				ENABLE_STRICT_OBJC_MSGSEND = YES;
				GCC_C_LANGUAGE_STANDARD = gnu11;
				GCC_NO_COMMON_BLOCKS = YES;
				GCC_WARN_64_TO_32_BIT_CONVERSION = YES;
				GCC_WARN_ABOUT_RETURN_TYPE = YES_ERROR;
				GCC_WARN_UNDECLARED_SELECTOR = YES;
				GCC_WARN_UNINITIALIZED_AUTOS = YES_AGGRESSIVE;
				GCC_WARN_UNUSED_FUNCTION = YES;
				GCC_WARN_UNUSED_VARIABLE = YES;
				IPHONEOS_DEPLOYMENT_TARGET = 18.0;
				MTL_ENABLE_DEBUG_INFO = NO;
				MTL_FAST_MATH = YES;
				PRODUCT_NAME = "$(TARGET_NAME)";
				SDKROOT = iphoneos;
				SWIFT_COMPILATION_MODE = wholemodule;
				SWIFT_OPTIMIZATION_LEVEL = "-O";
				SWIFT_VERSION = 6.0;
			};
			name = Release;
		};
		B7A38C4FDEAED7CF2D47B30A /* Release */ = {
			isa = XCBuildConfiguration;
			baseConfigurationReference = "TEMP_7E5603A5-74AC-4FEA-A7A6-83129D9CE6C9" /* Config.xcconfig */;
			buildSettings = {
				ASSETCATALOG_COMPILER_APPICON_NAME = AppIcon;
				CODE_SIGN_ENTITLEMENTS = AutoCoach/AutoCoach.entitlements;
				CODE_SIGN_IDENTITY = "iPhone Developer";
				CURRENT_PROJECT_VERSION = 1;
				INFOPLIST_FILE = AutoCoach/Info.plist;
				LD_RUNPATH_SEARCH_PATHS = (
					"$(inherited)",
					"@executable_path/Frameworks",
				);
				MARKETING_VERSION = 0.2.0;
				PRODUCT_BUNDLE_IDENTIFIER = com.padzy.autocoach;
				SDKROOT = iphoneos;
				SWIFT_STRICT_CONCURRENCY = complete;
				TARGETED_DEVICE_FAMILY = 1;
			};
			name = Release;
		};
/* End XCBuildConfiguration section */

/* Begin XCConfigurationList section */
		89BB5245DC8F78F0BD498CA4 /* Build configuration list for PBXProject "AutoCoach" */ = {
			isa = XCConfigurationList;
			buildConfigurations = (
				68FF69BC4823D2F449DDB45B /* Debug */,
				B6A33C0AB9FD334A39B9171D /* Release */,
			);
			defaultConfigurationIsVisible = 0;
			defaultConfigurationName = Debug;
		};
		FB6CB97F85A32E9E8B4040A6 /* Build configuration list for PBXNativeTarget "AutoCoach" */ = {
			isa = XCConfigurationList;
			buildConfigurations = (
				4E1D2010D662D65FE717F20E /* Debug */,
				B7A38C4FDEAED7CF2D47B30A /* Release */,
			);
			defaultConfigurationIsVisible = 0;
			defaultConfigurationName = Debug;
		};
/* End XCConfigurationList section */

/* Begin XCRemoteSwiftPackageReference section */
		2FA468938D0BFCD5301D889B /* XCRemoteSwiftPackageReference "supabase-swift" */ = {
			isa = XCRemoteSwiftPackageReference;
			repositoryURL = "https://github.com/supabase/supabase-swift.git";
			requirement = {
				kind = upToNextMajorVersion;
				minimumVersion = 2.0.0;
			};
		};
/* End XCRemoteSwiftPackageReference section */

/* Begin XCSwiftPackageProductDependency section */
		E786F48ABAB5E0900161F915 /* Supabase */ = {
			isa = XCSwiftPackageProductDependency;
			package = 2FA468938D0BFCD5301D889B /* XCRemoteSwiftPackageReference "supabase-swift" */;
			productName = Supabase;
		};
/* End XCSwiftPackageProductDependency section */
	};
	rootObject = 54653BB6686894CAF467BF43 /* Project object */;
}
